
Microsoft Visual Studio Solution File, Format Version 11.00
# Visual Studio 15
Project("{8BC9CEB8-8B4A-11D0-8D11-00A0C91BC942}") = "3d", "3d.vcxproj", "{6CAFC1E0-82C5-4223-A357-BCD896D6DDB5}"
EndProject
Project("{8BC9CEB8-8B4A-11D0-8D11-00A0C91BC942}") = "3d_multi", "3d_multi.vcxproj", "{BF2C9C99-D972-4DDC-B7AE-1346CF08FF15}"
EndProject
Project("{8BC9CEB8-8B4A-11D0-8D11-00A0C91BC942}") = "event_parameter", "event_parameter.vcxproj", "{D1E356BC-0164-4A62-8B11-E6A318F386E8}"
EndProject
Project("{8BC9CEB8-8B4A-11D0-8D11-00A0C91BC942}") = "load_banks", "load_banks.vcxproj", "{97F0C058-721B-4EA1-8A77-F5C38D06DF3E}"
EndProject
Project("{8BC9CEB8-8B4A-11D0-8D11-00A0C91BC942}") = "music_callbacks", "music_callbacks.vcxproj", "{06F93FBC-8346-4DD5-922C-576F61424602}"
EndProject
Project("{8BC9CEB8-8B4A-11D0-8D11-00A0C91BC942}") = "objectpan", "objectpan.vcxproj", "{2536C185-7203-42AA-A13B-159A57E00618}"
EndProject
Project("{8BC9CEB8-8B4A-11D0-8D11-00A0C91BC942}") = "programmer_sound", "programmer_sound.vcxproj", "{99DE5403-FA7D-4CEF-9795-A868BF4B77F2}"
EndProject
Project("{8BC9CEB8-8B4A-11D0-8D11-00A0C91BC942}") = "recording_playback", "recording_playback.vcxproj", "{D755A2A5-9C3E-4DF1-97AD-970D1170B2DE}"
EndProject
Project("{8BC9CEB8-8B4A-11D0-8D11-00A0C91BC942}") = "simple_event", "simple_event.vcxproj", "{C214ECAD-FF4E-42E0-BF9D-25C6CD8942DA}"
EndProject
Global
	GlobalSection(SolutionConfigurationPlatforms) = preSolution
		Debug|Win32 = Debug|Win32
		Debug|x64 = Debug|x64
		Debug|ARM64 = Debug|ARM64
		Release|Win32 = Release|Win32
		Release|x64 = Release|x64
		Release|ARM64 = Release|ARM64
	EndGlobalSection
	GlobalSection(ProjectConfigurationPlatforms) = postSolution
		{6CAFC1E0-82C5-4223-A357-BCD896D6DDB5}.Debug|Win32.ActiveCfg = Debug|Win32
		{6CAFC1E0-82C5-4223-A357-BCD896D6DDB5}.Debug|Win32.Build.0 = Debug|Win32
		{6CAFC1E0-82C5-4223-A357-BCD896D6DDB5}.Debug|Win32.Deploy.0 = Debug|Win32
		{6CAFC1E0-82C5-4223-A357-BCD896D6DDB5}.Debug|x64.ActiveCfg = Debug|x64
		{6CAFC1E0-82C5-4223-A357-BCD896D6DDB5}.Debug|x64.Build.0 = Debug|x64
		{6CAFC1E0-82C5-4223-A357-BCD896D6DDB5}.Debug|x64.Deploy.0 = Debug|x64
		{6CAFC1E0-82C5-4223-A357-BCD896D6DDB5}.Debug|ARM64.ActiveCfg = Debug|ARM64
		{6CAFC1E0-82C5-4223-A357-BCD896D6DDB5}.Debug|ARM64.Build.0 = Debug|ARM64
		{6CAFC1E0-82C5-4223-A357-BCD896D6DDB5}.Debug|ARM64.Deploy.0 = Debug|ARM64
		{6CAFC1E0-82C5-4223-A357-BCD896D6DDB5}.Release|Win32.ActiveCfg = Release|Win32
		{6CAFC1E0-82C5-4223-A357-BCD896D6DDB5}.Release|Win32.Build.0 = Release|Win32
		{6CAFC1E0-82C5-4223-A357-BCD896D6DDB5}.Release|Win32.Deploy.0 = Release|Win32
		{6CAFC1E0-82C5-4223-A357-BCD896D6DDB5}.Release|x64.ActiveCfg = Release|x64
		{6CAFC1E0-82C5-4223-A357-BCD896D6DDB5}.Release|x64.Build.0 = Release|x64
		{6CAFC1E0-82C5-4223-A357-BCD896D6DDB5}.Release|x64.Deploy.0 = Release|x64
		{6CAFC1E0-82C5-4223-A357-BCD896D6DDB5}.Release|ARM64.ActiveCfg = Release|ARM64
		{6CAFC1E0-82C5-4223-A357-BCD896D6DDB5}.Release|ARM64.Build.0 = Release|ARM64
		{6CAFC1E0-82C5-4223-A357-BCD896D6DDB5}.Release|ARM64.Deploy.0 = Release|ARM64
		{BF2C9C99-D972-4DDC-B7AE-1346CF08FF15}.Debug|Win32.ActiveCfg = Debug|Win32
		{BF2C9C99-D972-4DDC-B7AE-1346CF08FF15}.Debug|Win32.Build.0 = Debug|Win32
		{BF2C9C99-D972-4DDC-B7AE-1346CF08FF15}.Debug|Win32.Deploy.0 = Debug|Win32
		{BF2C9C99-D972-4DDC-B7AE-1346CF08FF15}.Debug|x64.ActiveCfg = Debug|x64
		{BF2C9C99-D972-4DDC-B7AE-1346CF08FF15}.Debug|x64.Build.0 = Debug|x64
		{BF2C9C99-D972-4DDC-B7AE-1346CF08FF15}.Debug|x64.Deploy.0 = Debug|x64
		{BF2C9C99-D972-4DDC-B7AE-1346CF08FF15}.Debug|ARM64.ActiveCfg = Debug|ARM64
		{BF2C9C99-D972-4DDC-B7AE-1346CF08FF15}.Debug|ARM64.Build.0 = Debug|ARM64
		{BF2C9C99-D972-4DDC-B7AE-1346CF08FF15}.Debug|ARM64.Deploy.0 = Debug|ARM64
		{BF2C9C99-D972-4DDC-B7AE-1346CF08FF15}.Release|Win32.ActiveCfg = Release|Win32
		{BF2C9C99-D972-4DDC-B7AE-1346CF08FF15}.Release|Win32.Build.0 = Release|Win32
		{BF2C9C99-D972-4DDC-B7AE-1346CF08FF15}.Release|Win32.Deploy.0 = Release|Win32
		{BF2C9C99-D972-4DDC-B7AE-1346CF08FF15}.Release|x64.ActiveCfg = Release|x64
		{BF2C9C99-D972-4DDC-B7AE-1346CF08FF15}.Release|x64.Build.0 = Release|x64
		{BF2C9C99-D972-4DDC-B7AE-1346CF08FF15}.Release|x64.Deploy.0 = Release|x64
		{BF2C9C99-D972-4DDC-B7AE-1346CF08FF15}.Release|ARM64.ActiveCfg = Release|ARM64
		{BF2C9C99-D972-4DDC-B7AE-1346CF08FF15}.Release|ARM64.Build.0 = Release|ARM64
		{BF2C9C99-D972-4DDC-B7AE-1346CF08FF15}.Release|ARM64.Deploy.0 = Release|ARM64
		{D1E356BC-0164-4A62-8B11-E6A318F386E8}.Debug|Win32.ActiveCfg = Debug|Win32
		{D1E356BC-0164-4A62-8B11-E6A318F386E8}.Debug|Win32.Build.0 = Debug|Win32
		{D1E356BC-0164-4A62-8B11-E6A318F386E8}.Debug|Win32.Deploy.0 = Debug|Win32
		{D1E356BC-0164-4A62-8B11-E6A318F386E8}.Debug|x64.ActiveCfg = Debug|x64
		{D1E356BC-0164-4A62-8B11-E6A318F386E8}.Debug|x64.Build.0 = Debug|x64
		{D1E356BC-0164-4A62-8B11-E6A318F386E8}.Debug|x64.Deploy.0 = Debug|x64
		{D1E356BC-0164-4A62-8B11-E6A318F386E8}.Debug|ARM64.ActiveCfg = Debug|ARM64
		{D1E356BC-0164-4A62-8B11-E6A318F386E8}.Debug|ARM64.Build.0 = Debug|ARM64
		{D1E356BC-0164-4A62-8B11-E6A318F386E8}.Debug|ARM64.Deploy.0 = Debug|ARM64
		{D1E356BC-0164-4A62-8B11-E6A318F386E8}.Release|Win32.ActiveCfg = Release|Win32
		{D1E356BC-0164-4A62-8B11-E6A318F386E8}.Release|Win32.Build.0 = Release|Win32
		{D1E356BC-0164-4A62-8B11-E6A318F386E8}.Release|Win32.Deploy.0 = Release|Win32
		{D1E356BC-0164-4A62-8B11-E6A318F386E8}.Release|x64.ActiveCfg = Release|x64
		{D1E356BC-0164-4A62-8B11-E6A318F386E8}.Release|x64.Build.0 = Release|x64
		{D1E356BC-0164-4A62-8B11-E6A318F386E8}.Release|x64.Deploy.0 = Release|x64
		{D1E356BC-0164-4A62-8B11-E6A318F386E8}.Release|ARM64.ActiveCfg = Release|ARM64
		{D1E356BC-0164-4A62-8B11-E6A318F386E8}.Release|ARM64.Build.0 = Release|ARM64
		{D1E356BC-0164-4A62-8B11-E6A318F386E8}.Release|ARM64.Deploy.0 = Release|ARM64
		{97F0C058-721B-4EA1-8A77-F5C38D06DF3E}.Debug|Win32.ActiveCfg = Debug|Win32
		{97F0C058-721B-4EA1-8A77-F5C38D06DF3E}.Debug|Win32.Build.0 = Debug|Win32
		{97F0C058-721B-4EA1-8A77-F5C38D06DF3E}.Debug|Win32.Deploy.0 = Debug|Win32
		{97F0C058-721B-4EA1-8A77-F5C38D06DF3E}.Debug|x64.ActiveCfg = Debug|x64
		{97F0C058-721B-4EA1-8A77-F5C38D06DF3E}.Debug|x64.Build.0 = Debug|x64
		{97F0C058-721B-4EA1-8A77-F5C38D06DF3E}.Debug|x64.Deploy.0 = Debug|x64
		{97F0C058-721B-4EA1-8A77-F5C38D06DF3E}.Debug|ARM64.ActiveCfg = Debug|ARM64
		{97F0C058-721B-4EA1-8A77-F5C38D06DF3E}.Debug|ARM64.Build.0 = Debug|ARM64
		{97F0C058-721B-4EA1-8A77-F5C38D06DF3E}.Debug|ARM64.Deploy.0 = Debug|ARM64
		{97F0C058-721B-4EA1-8A77-F5C38D06DF3E}.Release|Win32.ActiveCfg = Release|Win32
		{97F0C058-721B-4EA1-8A77-F5C38D06DF3E}.Release|Win32.Build.0 = Release|Win32
		{97F0C058-721B-4EA1-8A77-F5C38D06DF3E}.Release|Win32.Deploy.0 = Release|Win32
		{97F0C058-721B-4EA1-8A77-F5C38D06DF3E}.Release|x64.ActiveCfg = Release|x64
		{97F0C058-721B-4EA1-8A77-F5C38D06DF3E}.Release|x64.Build.0 = Release|x64
		{97F0C058-721B-4EA1-8A77-F5C38D06DF3E}.Release|x64.Deploy.0 = Release|x64
		{97F0C058-721B-4EA1-8A77-F5C38D06DF3E}.Release|ARM64.ActiveCfg = Release|ARM64
		{97F0C058-721B-4EA1-8A77-F5C38D06DF3E}.Release|ARM64.Build.0 = Release|ARM64
		{97F0C058-721B-4EA1-8A77-F5C38D06DF3E}.Release|ARM64.Deploy.0 = Release|ARM64
		{06F93FBC-8346-4DD5-922C-576F61424602}.Debug|Win32.ActiveCfg = Debug|Win32
		{06F93FBC-8346-4DD5-922C-576F61424602}.Debug|Win32.Build.0 = Debug|Win32
		{06F93FBC-8346-4DD5-922C-576F61424602}.Debug|Win32.Deploy.0 = Debug|Win32
		{06F93FBC-8346-4DD5-922C-576F61424602}.Debug|x64.ActiveCfg = Debug|x64
		{06F93FBC-8346-4DD5-922C-576F61424602}.Debug|x64.Build.0 = Debug|x64
		{06F93FBC-8346-4DD5-922C-576F61424602}.Debug|x64.Deploy.0 = Debug|x64
		{06F93FBC-8346-4DD5-922C-576F61424602}.Debug|ARM64.ActiveCfg = Debug|ARM64
		{06F93FBC-8346-4DD5-922C-576F61424602}.Debug|ARM64.Build.0 = Debug|ARM64
		{06F93FBC-8346-4DD5-922C-576F61424602}.Debug|ARM64.Deploy.0 = Debug|ARM64
		{06F93FBC-8346-4DD5-922C-576F61424602}.Release|Win32.ActiveCfg = Release|Win32
		{06F93FBC-8346-4DD5-922C-576F61424602}.Release|Win32.Build.0 = Release|Win32
		{06F93FBC-8346-4DD5-922C-576F61424602}.Release|Win32.Deploy.0 = Release|Win32
		{06F93FBC-8346-4DD5-922C-576F61424602}.Release|x64.ActiveCfg = Release|x64
		{06F93FBC-8346-4DD5-922C-576F61424602}.Release|x64.Build.0 = Release|x64
		{06F93FBC-8346-4DD5-922C-576F61424602}.Release|x64.Deploy.0 = Release|x64
		{06F93FBC-8346-4DD5-922C-576F61424602}.Release|ARM64.ActiveCfg = Release|ARM64
		{06F93FBC-8346-4DD5-922C-576F61424602}.Release|ARM64.Build.0 = Release|ARM64
		{06F93FBC-8346-4DD5-922C-576F61424602}.Release|ARM64.Deploy.0 = Release|ARM64
		{2536C185-7203-42AA-A13B-159A57E00618}.Debug|Win32.ActiveCfg = Debug|Win32
		{2536C185-7203-42AA-A13B-159A57E00618}.Debug|Win32.Build.0 = Debug|Win32
		{2536C185-7203-42AA-A13B-159A57E00618}.Debug|Win32.Deploy.0 = Debug|Win32
		{2536C185-7203-42AA-A13B-159A57E00618}.Debug|x64.ActiveCfg = Debug|x64
		{2536C185-7203-42AA-A13B-159A57E00618}.Debug|x64.Build.0 = Debug|x64
		{2536C185-7203-42AA-A13B-159A57E00618}.Debug|x64.Deploy.0 = Debug|x64
		{2536C185-7203-42AA-A13B-159A57E00618}.Debug|ARM64.ActiveCfg = Debug|ARM64
		{2536C185-7203-42AA-A13B-159A57E00618}.Debug|ARM64.Build.0 = Debug|ARM64
		{2536C185-7203-42AA-A13B-159A57E00618}.Debug|ARM64.Deploy.0 = Debug|ARM64
		{2536C185-7203-42AA-A13B-159A57E00618}.Release|Win32.ActiveCfg = Release|Win32
		{2536C185-7203-42AA-A13B-159A57E00618}.Release|Win32.Build.0 = Release|Win32
		{2536C185-7203-42AA-A13B-159A57E00618}.Release|Win32.Deploy.0 = Release|Win32
		{2536C185-7203-42AA-A13B-159A57E00618}.Release|x64.ActiveCfg = Release|x64
		{2536C185-7203-42AA-A13B-159A57E00618}.Release|x64.Build.0 = Release|x64
		{2536C185-7203-42AA-A13B-159A57E00618}.Release|x64.Deploy.0 = Release|x64
		{2536C185-7203-42AA-A13B-159A57E00618}.Release|ARM64.ActiveCfg = Release|ARM64
		{2536C185-7203-42AA-A13B-159A57E00618}.Release|ARM64.Build.0 = Release|ARM64
		{2536C185-7203-42AA-A13B-159A57E00618}.Release|ARM64.Deploy.0 = Release|ARM64
		{99DE5403-FA7D-4CEF-9795-A868BF4B77F2}.Debug|Win32.ActiveCfg = Debug|Win32
		{99DE5403-FA7D-4CEF-9795-A868BF4B77F2}.Debug|Win32.Build.0 = Debug|Win32
		{99DE5403-FA7D-4CEF-9795-A868BF4B77F2}.Debug|Win32.Deploy.0 = Debug|Win32
		{99DE5403-FA7D-4CEF-9795-A868BF4B77F2}.Debug|x64.ActiveCfg = Debug|x64
		{99DE5403-FA7D-4CEF-9795-A868BF4B77F2}.Debug|x64.Build.0 = Debug|x64
		{99DE5403-FA7D-4CEF-9795-A868BF4B77F2}.Debug|x64.Deploy.0 = Debug|x64
		{99DE5403-FA7D-4CEF-9795-A868BF4B77F2}.Debug|ARM64.ActiveCfg = Debug|ARM64
		{99DE5403-FA7D-4CEF-9795-A868BF4B77F2}.Debug|ARM64.Build.0 = Debug|ARM64
		{99DE5403-FA7D-4CEF-9795-A868BF4B77F2}.Debug|ARM64.Deploy.0 = Debug|ARM64
		{99DE5403-FA7D-4CEF-9795-A868BF4B77F2}.Release|Win32.ActiveCfg = Release|Win32
		{99DE5403-FA7D-4CEF-9795-A868BF4B77F2}.Release|Win32.Build.0 = Release|Win32
		{99DE5403-FA7D-4CEF-9795-A868BF4B77F2}.Release|Win32.Deploy.0 = Release|Win32
		{99DE5403-FA7D-4CEF-9795-A868BF4B77F2}.Release|x64.ActiveCfg = Release|x64
		{99DE5403-FA7D-4CEF-9795-A868BF4B77F2}.Release|x64.Build.0 = Release|x64
		{99DE5403-FA7D-4CEF-9795-A868BF4B77F2}.Release|x64.Deploy.0 = Release|x64
		{99DE5403-FA7D-4CEF-9795-A868BF4B77F2}.Release|ARM64.ActiveCfg = Release|ARM64
		{99DE5403-FA7D-4CEF-9795-A868BF4B77F2}.Release|ARM64.Build.0 = Release|ARM64
		{99DE5403-FA7D-4CEF-9795-A868BF4B77F2}.Release|ARM64.Deploy.0 = Release|ARM64
		{D755A2A5-9C3E-4DF1-97AD-970D1170B2DE}.Debug|Win32.ActiveCfg = Debug|Win32
		{D755A2A5-9C3E-4DF1-97AD-970D1170B2DE}.Debug|Win32.Build.0 = Debug|Win32
		{D755A2A5-9C3E-4DF1-97AD-970D1170B2DE}.Debug|Win32.Deploy.0 = Debug|Win32
		{D755A2A5-9C3E-4DF1-97AD-970D1170B2DE}.Debug|x64.ActiveCfg = Debug|x64
		{D755A2A5-9C3E-4DF1-97AD-970D1170B2DE}.Debug|x64.Build.0 = Debug|x64
		{D755A2A5-9C3E-4DF1-97AD-970D1170B2DE}.Debug|x64.Deploy.0 = Debug|x64
		{D755A2A5-9C3E-4DF1-97AD-970D1170B2DE}.Debug|ARM64.ActiveCfg = Debug|ARM64
		{D755A2A5-9C3E-4DF1-97AD-970D1170B2DE}.Debug|ARM64.Build.0 = Debug|ARM64
		{D755A2A5-9C3E-4DF1-97AD-970D1170B2DE}.Debug|ARM64.Deploy.0 = Debug|ARM64
		{D755A2A5-9C3E-4DF1-97AD-970D1170B2DE}.Release|Win32.ActiveCfg = Release|Win32
		{D755A2A5-9C3E-4DF1-97AD-970D1170B2DE}.Release|Win32.Build.0 = Release|Win32
		{D755A2A5-9C3E-4DF1-97AD-970D1170B2DE}.Release|Win32.Deploy.0 = Release|Win32
		{D755A2A5-9C3E-4DF1-97AD-970D1170B2DE}.Release|x64.ActiveCfg = Release|x64
		{D755A2A5-9C3E-4DF1-97AD-970D1170B2DE}.Release|x64.Build.0 = Release|x64
		{D755A2A5-9C3E-4DF1-97AD-970D1170B2DE}.Release|x64.Deploy.0 = Release|x64
		{D755A2A5-9C3E-4DF1-97AD-970D1170B2DE}.Release|ARM64.ActiveCfg = Release|ARM64
		{D755A2A5-9C3E-4DF1-97AD-970D1170B2DE}.Release|ARM64.Build.0 = Release|ARM64
		{D755A2A5-9C3E-4DF1-97AD-970D1170B2DE}.Release|ARM64.Deploy.0 = Release|ARM64
		{C214ECAD-FF4E-42E0-BF9D-25C6CD8942DA}.Debug|Win32.ActiveCfg = Debug|Win32
		{C214ECAD-FF4E-42E0-BF9D-25C6CD8942DA}.Debug|Win32.Build.0 = Debug|Win32
		{C214ECAD-FF4E-42E0-BF9D-25C6CD8942DA}.Debug|Win32.Deploy.0 = Debug|Win32
		{C214ECAD-FF4E-42E0-BF9D-25C6CD8942DA}.Debug|x64.ActiveCfg = Debug|x64
		{C214ECAD-FF4E-42E0-BF9D-25C6CD8942DA}.Debug|x64.Build.0 = Debug|x64
		{C214ECAD-FF4E-42E0-BF9D-25C6CD8942DA}.Debug|x64.Deploy.0 = Debug|x64
		{C214ECAD-FF4E-42E0-BF9D-25C6CD8942DA}.Debug|ARM64.ActiveCfg = Debug|ARM64
		{C214ECAD-FF4E-42E0-BF9D-25C6CD8942DA}.Debug|ARM64.Build.0 = Debug|ARM64
		{C214ECAD-FF4E-42E0-BF9D-25C6CD8942DA}.Debug|ARM64.Deploy.0 = Debug|ARM64
		{C214ECAD-FF4E-42E0-BF9D-25C6CD8942DA}.Release|Win32.ActiveCfg = Release|Win32
		{C214ECAD-FF4E-42E0-BF9D-25C6CD8942DA}.Release|Win32.Build.0 = Release|Win32
		{C214ECAD-FF4E-42E0-BF9D-25C6CD8942DA}.Release|Win32.Deploy.0 = Release|Win32
		{C214ECAD-FF4E-42E0-BF9D-25C6CD8942DA}.Release|x64.ActiveCfg = Release|x64
		{C214ECAD-FF4E-42E0-BF9D-25C6CD8942DA}.Release|x64.Build.0 = Release|x64
		{C214ECAD-FF4E-42E0-BF9D-25C6CD8942DA}.Release|x64.Deploy.0 = Release|x64
		{C214ECAD-FF4E-42E0-BF9D-25C6CD8942DA}.Release|ARM64.ActiveCfg = Release|ARM64
		{C214ECAD-FF4E-42E0-BF9D-25C6CD8942DA}.Release|ARM64.Build.0 = Release|ARM64
		{C214ECAD-FF4E-42E0-BF9D-25C6CD8942DA}.Release|ARM64.Deploy.0 = Release|ARM64
	EndGlobalSection
	GlobalSection(SolutionProperties) = preSolution
		HideSolutionNode = FALSE
	EndGlobalSection
EndGlobal
