
Microsoft Visual Studio Solution File, Format Version 11.00
# Visual Studio Version 16
Project("{8BC9CEB8-8B4A-11D0-8D11-00A0C91BC942}") = "3d", "3d.vcxproj", "{030CAD01-8D80-4FB1-82DF-07C87DA7DC35}"
EndProject
Project("{8BC9CEB8-8B4A-11D0-8D11-00A0C91BC942}") = "3d_multi", "3d_multi.vcxproj", "{D182687D-E72B-48A4-A15C-640547CB5F1D}"
EndProject
Project("{8BC9CEB8-8B4A-11D0-8D11-00A0C91BC942}") = "event_parameter", "event_parameter.vcxproj", "{3BB6F890-1258-4FDB-AE80-A2F112C375D6}"
EndProject
Project("{8BC9CEB8-8B4A-11D0-8D11-00A0C91BC942}") = "load_banks", "load_banks.vcxproj", "{823A86A8-2292-46D3-9293-84F9AB89982B}"
EndProject
Project("{8BC9CEB8-8B4A-11D0-8D11-00A0C91BC942}") = "music_callbacks", "music_callbacks.vcxproj", "{3E984A05-A5DC-4E6A-AFBA-8B20CBD229A0}"
EndProject
Project("{8BC9CEB8-8B4A-11D0-8D11-00A0C91BC942}") = "objectpan", "objectpan.vcxproj", "{37DC5E18-8800-414D-BDBC-F19BA56BC124}"
EndProject
Project("{8BC9CEB8-8B4A-11D0-8D11-00A0C91BC942}") = "programmer_sound", "programmer_sound.vcxproj", "{03887426-7D39-4298-85AD-8720E51E1237}"
EndProject
Project("{8BC9CEB8-8B4A-11D0-8D11-00A0C91BC942}") = "recording_playback", "recording_playback.vcxproj", "{AADA7FEA-6496-4DC6-816B-AD1783828BAD}"
EndProject
Project("{8BC9CEB8-8B4A-11D0-8D11-00A0C91BC942}") = "simple_event", "simple_event.vcxproj", "{993E1A11-EAC6-432A-A226-A71E01D86FC4}"
EndProject
Global
	GlobalSection(SolutionConfigurationPlatforms) = preSolution
		Debug|Win32 = Debug|Win32
		Debug|x64 = Debug|x64
		Debug|ARM64 = Debug|ARM64
		Release|Win32 = Release|Win32
		Release|x64 = Release|x64
		Release|ARM64 = Release|ARM64
	EndGlobalSection
	GlobalSection(ProjectConfigurationPlatforms) = postSolution
		{030CAD01-8D80-4FB1-82DF-07C87DA7DC35}.Debug|Win32.ActiveCfg = Debug|Win32
		{030CAD01-8D80-4FB1-82DF-07C87DA7DC35}.Debug|Win32.Build.0 = Debug|Win32
		{030CAD01-8D80-4FB1-82DF-07C87DA7DC35}.Debug|Win32.Deploy.0 = Debug|Win32
		{030CAD01-8D80-4FB1-82DF-07C87DA7DC35}.Debug|x64.ActiveCfg = Debug|x64
		{030CAD01-8D80-4FB1-82DF-07C87DA7DC35}.Debug|x64.Build.0 = Debug|x64
		{030CAD01-8D80-4FB1-82DF-07C87DA7DC35}.Debug|x64.Deploy.0 = Debug|x64
		{030CAD01-8D80-4FB1-82DF-07C87DA7DC35}.Debug|ARM64.ActiveCfg = Debug|ARM64
		{030CAD01-8D80-4FB1-82DF-07C87DA7DC35}.Debug|ARM64.Build.0 = Debug|ARM64
		{030CAD01-8D80-4FB1-82DF-07C87DA7DC35}.Debug|ARM64.Deploy.0 = Debug|ARM64
		{030CAD01-8D80-4FB1-82DF-07C87DA7DC35}.Release|Win32.ActiveCfg = Release|Win32
		{030CAD01-8D80-4FB1-82DF-07C87DA7DC35}.Release|Win32.Build.0 = Release|Win32
		{030CAD01-8D80-4FB1-82DF-07C87DA7DC35}.Release|Win32.Deploy.0 = Release|Win32
		{030CAD01-8D80-4FB1-82DF-07C87DA7DC35}.Release|x64.ActiveCfg = Release|x64
		{030CAD01-8D80-4FB1-82DF-07C87DA7DC35}.Release|x64.Build.0 = Release|x64
		{030CAD01-8D80-4FB1-82DF-07C87DA7DC35}.Release|x64.Deploy.0 = Release|x64
		{030CAD01-8D80-4FB1-82DF-07C87DA7DC35}.Release|ARM64.ActiveCfg = Release|ARM64
		{030CAD01-8D80-4FB1-82DF-07C87DA7DC35}.Release|ARM64.Build.0 = Release|ARM64
		{030CAD01-8D80-4FB1-82DF-07C87DA7DC35}.Release|ARM64.Deploy.0 = Release|ARM64
		{D182687D-E72B-48A4-A15C-640547CB5F1D}.Debug|Win32.ActiveCfg = Debug|Win32
		{D182687D-E72B-48A4-A15C-640547CB5F1D}.Debug|Win32.Build.0 = Debug|Win32
		{D182687D-E72B-48A4-A15C-640547CB5F1D}.Debug|Win32.Deploy.0 = Debug|Win32
		{D182687D-E72B-48A4-A15C-640547CB5F1D}.Debug|x64.ActiveCfg = Debug|x64
		{D182687D-E72B-48A4-A15C-640547CB5F1D}.Debug|x64.Build.0 = Debug|x64
		{D182687D-E72B-48A4-A15C-640547CB5F1D}.Debug|x64.Deploy.0 = Debug|x64
		{D182687D-E72B-48A4-A15C-640547CB5F1D}.Debug|ARM64.ActiveCfg = Debug|ARM64
		{D182687D-E72B-48A4-A15C-640547CB5F1D}.Debug|ARM64.Build.0 = Debug|ARM64
		{D182687D-E72B-48A4-A15C-640547CB5F1D}.Debug|ARM64.Deploy.0 = Debug|ARM64
		{D182687D-E72B-48A4-A15C-640547CB5F1D}.Release|Win32.ActiveCfg = Release|Win32
		{D182687D-E72B-48A4-A15C-640547CB5F1D}.Release|Win32.Build.0 = Release|Win32
		{D182687D-E72B-48A4-A15C-640547CB5F1D}.Release|Win32.Deploy.0 = Release|Win32
		{D182687D-E72B-48A4-A15C-640547CB5F1D}.Release|x64.ActiveCfg = Release|x64
		{D182687D-E72B-48A4-A15C-640547CB5F1D}.Release|x64.Build.0 = Release|x64
		{D182687D-E72B-48A4-A15C-640547CB5F1D}.Release|x64.Deploy.0 = Release|x64
		{D182687D-E72B-48A4-A15C-640547CB5F1D}.Release|ARM64.ActiveCfg = Release|ARM64
		{D182687D-E72B-48A4-A15C-640547CB5F1D}.Release|ARM64.Build.0 = Release|ARM64
		{D182687D-E72B-48A4-A15C-640547CB5F1D}.Release|ARM64.Deploy.0 = Release|ARM64
		{3BB6F890-1258-4FDB-AE80-A2F112C375D6}.Debug|Win32.ActiveCfg = Debug|Win32
		{3BB6F890-1258-4FDB-AE80-A2F112C375D6}.Debug|Win32.Build.0 = Debug|Win32
		{3BB6F890-1258-4FDB-AE80-A2F112C375D6}.Debug|Win32.Deploy.0 = Debug|Win32
		{3BB6F890-1258-4FDB-AE80-A2F112C375D6}.Debug|x64.ActiveCfg = Debug|x64
		{3BB6F890-1258-4FDB-AE80-A2F112C375D6}.Debug|x64.Build.0 = Debug|x64
		{3BB6F890-1258-4FDB-AE80-A2F112C375D6}.Debug|x64.Deploy.0 = Debug|x64
		{3BB6F890-1258-4FDB-AE80-A2F112C375D6}.Debug|ARM64.ActiveCfg = Debug|ARM64
		{3BB6F890-1258-4FDB-AE80-A2F112C375D6}.Debug|ARM64.Build.0 = Debug|ARM64
		{3BB6F890-1258-4FDB-AE80-A2F112C375D6}.Debug|ARM64.Deploy.0 = Debug|ARM64
		{3BB6F890-1258-4FDB-AE80-A2F112C375D6}.Release|Win32.ActiveCfg = Release|Win32
		{3BB6F890-1258-4FDB-AE80-A2F112C375D6}.Release|Win32.Build.0 = Release|Win32
		{3BB6F890-1258-4FDB-AE80-A2F112C375D6}.Release|Win32.Deploy.0 = Release|Win32
		{3BB6F890-1258-4FDB-AE80-A2F112C375D6}.Release|x64.ActiveCfg = Release|x64
		{3BB6F890-1258-4FDB-AE80-A2F112C375D6}.Release|x64.Build.0 = Release|x64
		{3BB6F890-1258-4FDB-AE80-A2F112C375D6}.Release|x64.Deploy.0 = Release|x64
		{3BB6F890-1258-4FDB-AE80-A2F112C375D6}.Release|ARM64.ActiveCfg = Release|ARM64
		{3BB6F890-1258-4FDB-AE80-A2F112C375D6}.Release|ARM64.Build.0 = Release|ARM64
		{3BB6F890-1258-4FDB-AE80-A2F112C375D6}.Release|ARM64.Deploy.0 = Release|ARM64
		{823A86A8-2292-46D3-9293-84F9AB89982B}.Debug|Win32.ActiveCfg = Debug|Win32
		{823A86A8-2292-46D3-9293-84F9AB89982B}.Debug|Win32.Build.0 = Debug|Win32
		{823A86A8-2292-46D3-9293-84F9AB89982B}.Debug|Win32.Deploy.0 = Debug|Win32
		{823A86A8-2292-46D3-9293-84F9AB89982B}.Debug|x64.ActiveCfg = Debug|x64
		{823A86A8-2292-46D3-9293-84F9AB89982B}.Debug|x64.Build.0 = Debug|x64
		{823A86A8-2292-46D3-9293-84F9AB89982B}.Debug|x64.Deploy.0 = Debug|x64
		{823A86A8-2292-46D3-9293-84F9AB89982B}.Debug|ARM64.ActiveCfg = Debug|ARM64
		{823A86A8-2292-46D3-9293-84F9AB89982B}.Debug|ARM64.Build.0 = Debug|ARM64
		{823A86A8-2292-46D3-9293-84F9AB89982B}.Debug|ARM64.Deploy.0 = Debug|ARM64
		{823A86A8-2292-46D3-9293-84F9AB89982B}.Release|Win32.ActiveCfg = Release|Win32
		{823A86A8-2292-46D3-9293-84F9AB89982B}.Release|Win32.Build.0 = Release|Win32
		{823A86A8-2292-46D3-9293-84F9AB89982B}.Release|Win32.Deploy.0 = Release|Win32
		{823A86A8-2292-46D3-9293-84F9AB89982B}.Release|x64.ActiveCfg = Release|x64
		{823A86A8-2292-46D3-9293-84F9AB89982B}.Release|x64.Build.0 = Release|x64
		{823A86A8-2292-46D3-9293-84F9AB89982B}.Release|x64.Deploy.0 = Release|x64
		{823A86A8-2292-46D3-9293-84F9AB89982B}.Release|ARM64.ActiveCfg = Release|ARM64
		{823A86A8-2292-46D3-9293-84F9AB89982B}.Release|ARM64.Build.0 = Release|ARM64
		{823A86A8-2292-46D3-9293-84F9AB89982B}.Release|ARM64.Deploy.0 = Release|ARM64
		{3E984A05-A5DC-4E6A-AFBA-8B20CBD229A0}.Debug|Win32.ActiveCfg = Debug|Win32
		{3E984A05-A5DC-4E6A-AFBA-8B20CBD229A0}.Debug|Win32.Build.0 = Debug|Win32
		{3E984A05-A5DC-4E6A-AFBA-8B20CBD229A0}.Debug|Win32.Deploy.0 = Debug|Win32
		{3E984A05-A5DC-4E6A-AFBA-8B20CBD229A0}.Debug|x64.ActiveCfg = Debug|x64
		{3E984A05-A5DC-4E6A-AFBA-8B20CBD229A0}.Debug|x64.Build.0 = Debug|x64
		{3E984A05-A5DC-4E6A-AFBA-8B20CBD229A0}.Debug|x64.Deploy.0 = Debug|x64
		{3E984A05-A5DC-4E6A-AFBA-8B20CBD229A0}.Debug|ARM64.ActiveCfg = Debug|ARM64
		{3E984A05-A5DC-4E6A-AFBA-8B20CBD229A0}.Debug|ARM64.Build.0 = Debug|ARM64
		{3E984A05-A5DC-4E6A-AFBA-8B20CBD229A0}.Debug|ARM64.Deploy.0 = Debug|ARM64
		{3E984A05-A5DC-4E6A-AFBA-8B20CBD229A0}.Release|Win32.ActiveCfg = Release|Win32
		{3E984A05-A5DC-4E6A-AFBA-8B20CBD229A0}.Release|Win32.Build.0 = Release|Win32
		{3E984A05-A5DC-4E6A-AFBA-8B20CBD229A0}.Release|Win32.Deploy.0 = Release|Win32
		{3E984A05-A5DC-4E6A-AFBA-8B20CBD229A0}.Release|x64.ActiveCfg = Release|x64
		{3E984A05-A5DC-4E6A-AFBA-8B20CBD229A0}.Release|x64.Build.0 = Release|x64
		{3E984A05-A5DC-4E6A-AFBA-8B20CBD229A0}.Release|x64.Deploy.0 = Release|x64
		{3E984A05-A5DC-4E6A-AFBA-8B20CBD229A0}.Release|ARM64.ActiveCfg = Release|ARM64
		{3E984A05-A5DC-4E6A-AFBA-8B20CBD229A0}.Release|ARM64.Build.0 = Release|ARM64
		{3E984A05-A5DC-4E6A-AFBA-8B20CBD229A0}.Release|ARM64.Deploy.0 = Release|ARM64
		{37DC5E18-8800-414D-BDBC-F19BA56BC124}.Debug|Win32.ActiveCfg = Debug|Win32
		{37DC5E18-8800-414D-BDBC-F19BA56BC124}.Debug|Win32.Build.0 = Debug|Win32
		{37DC5E18-8800-414D-BDBC-F19BA56BC124}.Debug|Win32.Deploy.0 = Debug|Win32
		{37DC5E18-8800-414D-BDBC-F19BA56BC124}.Debug|x64.ActiveCfg = Debug|x64
		{37DC5E18-8800-414D-BDBC-F19BA56BC124}.Debug|x64.Build.0 = Debug|x64
		{37DC5E18-8800-414D-BDBC-F19BA56BC124}.Debug|x64.Deploy.0 = Debug|x64
		{37DC5E18-8800-414D-BDBC-F19BA56BC124}.Debug|ARM64.ActiveCfg = Debug|ARM64
		{37DC5E18-8800-414D-BDBC-F19BA56BC124}.Debug|ARM64.Build.0 = Debug|ARM64
		{37DC5E18-8800-414D-BDBC-F19BA56BC124}.Debug|ARM64.Deploy.0 = Debug|ARM64
		{37DC5E18-8800-414D-BDBC-F19BA56BC124}.Release|Win32.ActiveCfg = Release|Win32
		{37DC5E18-8800-414D-BDBC-F19BA56BC124}.Release|Win32.Build.0 = Release|Win32
		{37DC5E18-8800-414D-BDBC-F19BA56BC124}.Release|Win32.Deploy.0 = Release|Win32
		{37DC5E18-8800-414D-BDBC-F19BA56BC124}.Release|x64.ActiveCfg = Release|x64
		{37DC5E18-8800-414D-BDBC-F19BA56BC124}.Release|x64.Build.0 = Release|x64
		{37DC5E18-8800-414D-BDBC-F19BA56BC124}.Release|x64.Deploy.0 = Release|x64
		{37DC5E18-8800-414D-BDBC-F19BA56BC124}.Release|ARM64.ActiveCfg = Release|ARM64
		{37DC5E18-8800-414D-BDBC-F19BA56BC124}.Release|ARM64.Build.0 = Release|ARM64
		{37DC5E18-8800-414D-BDBC-F19BA56BC124}.Release|ARM64.Deploy.0 = Release|ARM64
		{03887426-7D39-4298-85AD-8720E51E1237}.Debug|Win32.ActiveCfg = Debug|Win32
		{03887426-7D39-4298-85AD-8720E51E1237}.Debug|Win32.Build.0 = Debug|Win32
		{03887426-7D39-4298-85AD-8720E51E1237}.Debug|Win32.Deploy.0 = Debug|Win32
		{03887426-7D39-4298-85AD-8720E51E1237}.Debug|x64.ActiveCfg = Debug|x64
		{03887426-7D39-4298-85AD-8720E51E1237}.Debug|x64.Build.0 = Debug|x64
		{03887426-7D39-4298-85AD-8720E51E1237}.Debug|x64.Deploy.0 = Debug|x64
		{03887426-7D39-4298-85AD-8720E51E1237}.Debug|ARM64.ActiveCfg = Debug|ARM64
		{03887426-7D39-4298-85AD-8720E51E1237}.Debug|ARM64.Build.0 = Debug|ARM64
		{03887426-7D39-4298-85AD-8720E51E1237}.Debug|ARM64.Deploy.0 = Debug|ARM64
		{03887426-7D39-4298-85AD-8720E51E1237}.Release|Win32.ActiveCfg = Release|Win32
		{03887426-7D39-4298-85AD-8720E51E1237}.Release|Win32.Build.0 = Release|Win32
		{03887426-7D39-4298-85AD-8720E51E1237}.Release|Win32.Deploy.0 = Release|Win32
		{03887426-7D39-4298-85AD-8720E51E1237}.Release|x64.ActiveCfg = Release|x64
		{03887426-7D39-4298-85AD-8720E51E1237}.Release|x64.Build.0 = Release|x64
		{03887426-7D39-4298-85AD-8720E51E1237}.Release|x64.Deploy.0 = Release|x64
		{03887426-7D39-4298-85AD-8720E51E1237}.Release|ARM64.ActiveCfg = Release|ARM64
		{03887426-7D39-4298-85AD-8720E51E1237}.Release|ARM64.Build.0 = Release|ARM64
		{03887426-7D39-4298-85AD-8720E51E1237}.Release|ARM64.Deploy.0 = Release|ARM64
		{AADA7FEA-6496-4DC6-816B-AD1783828BAD}.Debug|Win32.ActiveCfg = Debug|Win32
		{AADA7FEA-6496-4DC6-816B-AD1783828BAD}.Debug|Win32.Build.0 = Debug|Win32
		{AADA7FEA-6496-4DC6-816B-AD1783828BAD}.Debug|Win32.Deploy.0 = Debug|Win32
		{AADA7FEA-6496-4DC6-816B-AD1783828BAD}.Debug|x64.ActiveCfg = Debug|x64
		{AADA7FEA-6496-4DC6-816B-AD1783828BAD}.Debug|x64.Build.0 = Debug|x64
		{AADA7FEA-6496-4DC6-816B-AD1783828BAD}.Debug|x64.Deploy.0 = Debug|x64
		{AADA7FEA-6496-4DC6-816B-AD1783828BAD}.Debug|ARM64.ActiveCfg = Debug|ARM64
		{AADA7FEA-6496-4DC6-816B-AD1783828BAD}.Debug|ARM64.Build.0 = Debug|ARM64
		{AADA7FEA-6496-4DC6-816B-AD1783828BAD}.Debug|ARM64.Deploy.0 = Debug|ARM64
		{AADA7FEA-6496-4DC6-816B-AD1783828BAD}.Release|Win32.ActiveCfg = Release|Win32
		{AADA7FEA-6496-4DC6-816B-AD1783828BAD}.Release|Win32.Build.0 = Release|Win32
		{AADA7FEA-6496-4DC6-816B-AD1783828BAD}.Release|Win32.Deploy.0 = Release|Win32
		{AADA7FEA-6496-4DC6-816B-AD1783828BAD}.Release|x64.ActiveCfg = Release|x64
		{AADA7FEA-6496-4DC6-816B-AD1783828BAD}.Release|x64.Build.0 = Release|x64
		{AADA7FEA-6496-4DC6-816B-AD1783828BAD}.Release|x64.Deploy.0 = Release|x64
		{AADA7FEA-6496-4DC6-816B-AD1783828BAD}.Release|ARM64.ActiveCfg = Release|ARM64
		{AADA7FEA-6496-4DC6-816B-AD1783828BAD}.Release|ARM64.Build.0 = Release|ARM64
		{AADA7FEA-6496-4DC6-816B-AD1783828BAD}.Release|ARM64.Deploy.0 = Release|ARM64
		{993E1A11-EAC6-432A-A226-A71E01D86FC4}.Debug|Win32.ActiveCfg = Debug|Win32
		{993E1A11-EAC6-432A-A226-A71E01D86FC4}.Debug|Win32.Build.0 = Debug|Win32
		{993E1A11-EAC6-432A-A226-A71E01D86FC4}.Debug|Win32.Deploy.0 = Debug|Win32
		{993E1A11-EAC6-432A-A226-A71E01D86FC4}.Debug|x64.ActiveCfg = Debug|x64
		{993E1A11-EAC6-432A-A226-A71E01D86FC4}.Debug|x64.Build.0 = Debug|x64
		{993E1A11-EAC6-432A-A226-A71E01D86FC4}.Debug|x64.Deploy.0 = Debug|x64
		{993E1A11-EAC6-432A-A226-A71E01D86FC4}.Debug|ARM64.ActiveCfg = Debug|ARM64
		{993E1A11-EAC6-432A-A226-A71E01D86FC4}.Debug|ARM64.Build.0 = Debug|ARM64
		{993E1A11-EAC6-432A-A226-A71E01D86FC4}.Debug|ARM64.Deploy.0 = Debug|ARM64
		{993E1A11-EAC6-432A-A226-A71E01D86FC4}.Release|Win32.ActiveCfg = Release|Win32
		{993E1A11-EAC6-432A-A226-A71E01D86FC4}.Release|Win32.Build.0 = Release|Win32
		{993E1A11-EAC6-432A-A226-A71E01D86FC4}.Release|Win32.Deploy.0 = Release|Win32
		{993E1A11-EAC6-432A-A226-A71E01D86FC4}.Release|x64.ActiveCfg = Release|x64
		{993E1A11-EAC6-432A-A226-A71E01D86FC4}.Release|x64.Build.0 = Release|x64
		{993E1A11-EAC6-432A-A226-A71E01D86FC4}.Release|x64.Deploy.0 = Release|x64
		{993E1A11-EAC6-432A-A226-A71E01D86FC4}.Release|ARM64.ActiveCfg = Release|ARM64
		{993E1A11-EAC6-432A-A226-A71E01D86FC4}.Release|ARM64.Build.0 = Release|ARM64
		{993E1A11-EAC6-432A-A226-A71E01D86FC4}.Release|ARM64.Deploy.0 = Release|ARM64
	EndGlobalSection
	GlobalSection(SolutionProperties) = preSolution
		HideSolutionNode = FALSE
	EndGlobalSection
EndGlobal
